
Microsoft Visual Studio Solution File, Format Version 12.00
# Visual Studio Version 16
VisualStudioVersion = 16.0.30907.101
MinimumVisualStudioVersion = 10.0.40219.1
Project("{FAE04EC0-301F-11D3-BF4B-00C04F79EFBC}") = "podcast", "podcast\podcast.csproj", "{14B1E1B0-A87C-4446-B9B9-4BA1C90395CB}"
EndProject
Global
	GlobalSection(SolutionConfigurationPlatforms) = preSolution
		Debug|Any CPU = Debug|Any CPU
		Release|Any CPU = Release|Any CPU
	EndGlobalSection
	GlobalSection(ProjectConfigurationPlatforms) = postSolution
		{14B1E1B0-A87C-4446-B9B9-4BA1C90395CB}.Debug|Any CPU.ActiveCfg = Debug|Any CPU
		{14B1E1B0-A87C-4446-B9B9-4BA1C90395CB}.Debug|Any CPU.Build.0 = Debug|Any CPU
		{14B1E1B0-A87C-4446-B9B9-4BA1C90395CB}.Release|Any CPU.ActiveCfg = Release|Any CPU
		{14B1E1B0-A87C-4446-B9B9-4BA1C90395CB}.Release|Any CPU.Build.0 = Release|Any CPU
	EndGlobalSection
	GlobalSection(SolutionProperties) = preSolution
		HideSolutionNode = FALSE
	EndGlobalSection
	GlobalSection(ExtensibilityGlobals) = postSolution
		SolutionGuid = {4924BC2F-A459-4F08-BFE6-DBCDCDFAFAB0}
	EndGlobalSection
EndGlobal
